lockfileVersion: '9.0'

settings:
  autoInstallPeers: true
  excludeLinksFromLockfile: false

importers:

  .:
    dependencies:
      '@deepseek-ai/cordis':
        specifier: ^4.0.1
        version: 4.0.1(@deepseek-ai/cordis-plugin-include@1.0.6)(@deepseek-ai/cordis-plugin-loader@1.0.2)
      '@deepseek-ai/cordis-plugin-include':
        specifier: ^1.0.6
        version: 1.0.6(@deepseek-ai/cordis-plugin-loader@1.0.2)(@deepseek-ai/cordis@4.0.1)
      '@deepseek-ai/cordis-plugin-loader':
        specifier: ^1.0.2
        version: 1.0.2(@deepseek-ai/cordis@4.0.1)

packages:

  '@deepseek-ai/cordis-plugin-include@1.0.6':
    resolution: {integrity: sha512-i1VXrZCbv6tk/iUgedCNjrxxArbWT3IvRZGB5sdqJ3ectnihivXXQbRZ8JJ73DSmAPvlMGmrbtjFAfm10yvXRg==}
    peerDependencies:
      '@deepseek-ai/cordis': ^4.0.1
      '@deepseek-ai/cordis-plugin-loader': ^1.0.2

  '@deepseek-ai/cordis-plugin-loader@1.0.2':
    resolution: {integrity: sha512-RIW9hoVyhYDWdCI9BsvtZccPde1ECLC4OAxupwowGTak78vwVTVdb3HezTSOK1Y1/Ax3Ru0LA1pYOB04CnTxIQ==}
    peerDependencies:
      '@deepseek-ai/cordis': ^4.0.1
      node-addon-require-builtin: ^0.1.4
    peerDependenciesMeta:
      node-addon-require-builtin:
        optional: true

  '@deepseek-ai/cordis@4.0.1':
    resolution: {integrity: sha512-YBdskTU2Po1kru3GgcUWUbkTsPMA9LkSQDAY8rBkFJeajdgcQad3QPJZE26JyK99Xb6HaASvoXg2DSUTeN/0Nw==}
    hasBin: true
    peerDependencies:
      '@deepseek-ai/cordis-plugin-include': ^1.0.6
      '@deepseek-ai/cordis-plugin-loader': ^1.0.2
    peerDependenciesMeta:
      '@deepseek-ai/cordis-plugin-include':
        optional: true
      '@deepseek-ai/cordis-plugin-loader':
        optional: true

  '@deepseek-ai/cosmokit@1.8.2':
    resolution: {integrity: sha512-muBOKtSrUKU5m/xpq8ZXWL6hQ/jgd4PhU2PqH97bcxIiLEJfNwZOGQEx4t/aS/GgxRAR+ra9pMHPMtTHU4sqqA==}

  '@standard-schema/spec@1.1.0':
    resolution: {integrity: sha512-l2aFy5jALhniG5HgqrD6jXLi/rUWrKvqN/qJx6yoJsgKhblVd+iqqU4RCXavm/jPityDo5TCvKMnpjKnOriy0w==}

  argparse@2.0.1:
    resolution: {integrity: sha512-8+9WqebbFzpX9OR+Wa6O29asIogeRMzcGtAINdpMHHyAg10f05aSFVBbcEqGf/PXw1EjAZ+q2/bEBg3DvurK3Q==}

  js-yaml@4.3.1:
    resolution: {integrity: sha512-CY6crGq313MX8GkwvB7tzgp99vjQxY1++5y10/BKN/GUfHqWaOGQMNZkBvqSzsZKWk/ijwHlWzzkLulsGHhjWQ==}
    hasBin: true

snapshots:

  '@deepseek-ai/cordis-plugin-include@1.0.6(@deepseek-ai/cordis-plugin-loader@1.0.2)(@deepseek-ai/cordis@4.0.1)':
    dependencies:
      '@deepseek-ai/cordis': 4.0.1(@deepseek-ai/cordis-plugin-include@1.0.6)(@deepseek-ai/cordis-plugin-loader@1.0.2)
      '@deepseek-ai/cordis-plugin-loader': 1.0.2(@deepseek-ai/cordis@4.0.1)
      '@deepseek-ai/cosmokit': 1.8.2
      js-yaml: 4.3.1

  '@deepseek-ai/cordis-plugin-loader@1.0.2(@deepseek-ai/cordis@4.0.1)':
    dependencies:
      '@deepseek-ai/cordis': 4.0.1(@deepseek-ai/cordis-plugin-include@1.0.6)(@deepseek-ai/cordis-plugin-loader@1.0.2)
      '@deepseek-ai/cosmokit': 1.8.2

  '@deepseek-ai/cordis@4.0.1(@deepseek-ai/cordis-plugin-include@1.0.6)(@deepseek-ai/cordis-plugin-loader@1.0.2)':
    dependencies:
      '@deepseek-ai/cosmokit': 1.8.2
      '@standard-schema/spec': 1.1.0
    optionalDependencies:
      '@deepseek-ai/cordis-plugin-include': 1.0.6(@deepseek-ai/cordis-plugin-loader@1.0.2)(@deepseek-ai/cordis@4.0.1)
      '@deepseek-ai/cordis-plugin-loader': 1.0.2(@deepseek-ai/cordis@4.0.1)

  '@deepseek-ai/cosmokit@1.8.2': {}

  '@standard-schema/spec@1.1.0': {}

  argparse@2.0.1: {}

  js-yaml@4.3.1:
    dependencies:
      argparse: 2.0.1
